
Microsoft Visual Studio Solution File, Format Version 12.00
Project("{FAE04EC0-301F-11D3-BF4B-00C04F79EFBC}") = "Api", "Api\Api.csproj", "{07DBDC5C-641E-43FF-BD9F-98ACF1B55C54}"
EndProject
Project("{FAE04EC0-301F-11D3-BF4B-00C04F79EFBC}") = "Models", "Models\Models.csproj", "{6A3FE227-365A-4107-8032-72745D04B858}"
EndProject
Project("{D954291E-2A0B-460D-934E-DC6B0785DB48}") = "Shared", "Shared\Shared.shproj", "{43D8F386-CB23-4FCC-AAAA-44780977CD2A}"
EndProject
Project("{FAE04EC0-301F-11D3-BF4B-00C04F79EFBC}") = "Api.Tests", "Api.Tests\Api.Tests.csproj", "{13C0DBEA-6C74-4FC1-801C-F1CBB49DA447}"
EndProject
Global
	GlobalSection(SolutionConfigurationPlatforms) = preSolution
		Debug|Any CPU = Debug|Any CPU
		Release|Any CPU = Release|Any CPU
	EndGlobalSection
	GlobalSection(ProjectConfigurationPlatforms) = postSolution
		{07DBDC5C-641E-43FF-BD9F-98ACF1B55C54}.Debug|Any CPU.ActiveCfg = Debug|Any CPU
		{07DBDC5C-641E-43FF-BD9F-98ACF1B55C54}.Debug|Any CPU.Build.0 = Debug|Any CPU
		{07DBDC5C-641E-43FF-BD9F-98ACF1B55C54}.Release|Any CPU.ActiveCfg = Release|Any CPU
		{07DBDC5C-641E-43FF-BD9F-98ACF1B55C54}.Release|Any CPU.Build.0 = Release|Any CPU
		{6A3FE227-365A-4107-8032-72745D04B858}.Debug|Any CPU.ActiveCfg = Debug|Any CPU
		{6A3FE227-365A-4107-8032-72745D04B858}.Debug|Any CPU.Build.0 = Debug|Any CPU
		{6A3FE227-365A-4107-8032-72745D04B858}.Release|Any CPU.ActiveCfg = Release|Any CPU
		{6A3FE227-365A-4107-8032-72745D04B858}.Release|Any CPU.Build.0 = Release|Any CPU
		{13C0DBEA-6C74-4FC1-801C-F1CBB49DA447}.Debug|Any CPU.ActiveCfg = Debug|Any CPU
		{13C0DBEA-6C74-4FC1-801C-F1CBB49DA447}.Debug|Any CPU.Build.0 = Debug|Any CPU
		{13C0DBEA-6C74-4FC1-801C-F1CBB49DA447}.Release|Any CPU.ActiveCfg = Release|Any CPU
		{13C0DBEA-6C74-4FC1-801C-F1CBB49DA447}.Release|Any CPU.Build.0 = Release|Any CPU
	EndGlobalSection
EndGlobal
